
Microsoft Visual Studio Solution File, Format Version 12.00
# Visual Studio Version 16
VisualStudioVersion = 16.0.30517.126
MinimumVisualStudioVersion = 10.0.40219.1
Project("{FAE04EC0-301F-11D3-BF4B-00C04F79EFBC}") = "comingsoon", "comingsoon\comingsoon.csproj", "{0C455F67-42DB-4659-A1D7-16939A898D4D}"
EndProject
Global
	GlobalSection(SolutionConfigurationPlatforms) = preSolution
		Debug|Any CPU = Debug|Any CPU
		Release|Any CPU = Release|Any CPU
	EndGlobalSection
	GlobalSection(ProjectConfigurationPlatforms) = postSolution
		{0C455F67-42DB-4659-A1D7-16939A898D4D}.Debug|Any CPU.ActiveCfg = Debug|Any CPU
		{0C455F67-42DB-4659-A1D7-16939A898D4D}.Debug|Any CPU.Build.0 = Debug|Any CPU
		{0C455F67-42DB-4659-A1D7-16939A898D4D}.Release|Any CPU.ActiveCfg = Release|Any CPU
		{0C455F67-42DB-4659-A1D7-16939A898D4D}.Release|Any CPU.Build.0 = Release|Any CPU
	EndGlobalSection
	GlobalSection(SolutionProperties) = preSolution
		HideSolutionNode = FALSE
	EndGlobalSection
	GlobalSection(ExtensibilityGlobals) = postSolution
		SolutionGuid = {ED7F0885-A7F2-4445-9A6B-BFA1DA03D7CC}
	EndGlobalSection
EndGlobal
